
Microsoft Visual Studio Solution File, Format Version 12.00
# Visual Studio 15
VisualStudioVersion = 15.0.27428.2037
MinimumVisualStudioVersion = 10.0.40219.1
Project("{FAE04EC0-301F-11D3-BF4B-00C04F79EFBC}") = "webapi 尝试1", "webapi 尝试1\webapi 尝试1.csproj", "{439BE783-FDE2-48D1-A17A-8B0068523C8B}"
EndProject
Global
	GlobalSection(SolutionConfigurationPlatforms) = preSolution
		Debug|Any CPU = Debug|Any CPU
		Release|Any CPU = Release|Any CPU
	EndGlobalSection
	GlobalSection(ProjectConfigurationPlatforms) = postSolution
		{439BE783-FDE2-48D1-A17A-8B0068523C8B}.Debug|Any CPU.ActiveCfg = Debug|Any CPU
		{439BE783-FDE2-48D1-A17A-8B0068523C8B}.Debug|Any CPU.Build.0 = Debug|Any CPU
		{439BE783-FDE2-48D1-A17A-8B0068523C8B}.Release|Any CPU.ActiveCfg = Release|Any CPU
		{439BE783-FDE2-48D1-A17A-8B0068523C8B}.Release|Any CPU.Build.0 = Release|Any CPU
	EndGlobalSection
	GlobalSection(SolutionProperties) = preSolution
		HideSolutionNode = FALSE
	EndGlobalSection
	GlobalSection(ExtensibilityGlobals) = postSolution
		SolutionGuid = {AC8358E4-0B82-408C-9D14-5CC291AE487B}
	EndGlobalSection
EndGlobal
